{
  "version": 4,
  "terraform_version": "1.15.5",
  "serial": 196,
  "lineage": "ae84727d-f4a7-f8c4-228d-0a2f44e36f05",
  "outputs": {
    "DB": {
      "value": "terraform-state-lock",
      "type": "string"
    },
    "Private-subnet-1-id": {
      "value": "subnet-0fa6caf093023c039",
      "type": "string"
    },
    "Private-subnet-2-id": {
      "value": "subnet-0f6ea9a8cf593cfce",
      "type": "string"
    },
    "Pubic-subnet-2-id": {
      "value": "subnet-05c92a71b19b20924",
      "type": "string"
    },
    "Pubic-subnet-id": {
      "value": "subnet-0641589e58b8cbf7c",
      "type": "string"
    },
    "RT-Private": {
      "value": "rtb-0631b6417e938e281",
      "type": "string"
    },
    "RT-Pubic": {
      "value": "rtb-0183fdc0e50a1ff6a",
      "type": "string"
    },
    "alb": {
      "value": "arn:aws:elasticloadbalancing:us-east-1:183726524472:loadbalancer/app/as-2-lb-tf/59dc0d74f2cd88d8",
      "type": "string"
    },
    "alb-tg": {
      "value": "arn:aws:elasticloadbalancing:us-east-1:183726524472:targetgroup/as-2-lb-alb-v2/c010ad18b141a998",
      "type": "string"
    },
    "asg": {
      "value": {
        "arn": "arn:aws:autoscaling:us-east-1:183726524472:autoScalingGroup:60f5892d-fcd6-451b-b0e9-eea4fb9e8c4c:autoScalingGroupName/as-2-asg-terraform",
        "availability_zone_distribution": [
          {
            "capacity_distribution_strategy": "balanced-best-effort"
          }
        ],
        "availability_zones": [
          "us-east-1a",
          "us-east-1b"
        ],
        "capacity_rebalance": false,
        "capacity_reservation_specification": [
          {
            "capacity_reservation_preference": "default",
            "capacity_reservation_target": []
          }
        ],
        "context": "",
        "default_cooldown": 300,
        "default_instance_warmup": 0,
        "desired_capacity": 1,
        "desired_capacity_type": "",
        "enabled_metrics": [],
        "force_delete": false,
        "force_delete_warm_pool": false,
        "health_check_grace_period": 600,
        "health_check_type": "EC2",
        "id": "as-2-asg-terraform",
        "ignore_failed_scaling_activities": false,
        "initial_lifecycle_hook": [],
        "instance_maintenance_policy": [],
        "instance_refresh": [
          {
            "preferences": [
              {
                "alarm_specification": [],
                "auto_rollback": false,
                "checkpoint_delay": "",
                "checkpoint_percentages": [],
                "instance_warmup": "",
                "max_healthy_percentage": 100,
                "min_healthy_percentage": 50,
                "scale_in_protected_instances": "Ignore",
                "skip_matching": false,
                "standby_instances": "Ignore"
              }
            ],
            "strategy": "Rolling",
            "triggers": []
          }
        ],
        "launch_configuration": "",
        "launch_template": [
          {
            "id": "lt-00717e8d70ba2c70d",
            "name": "as-2-lt-nginx20260617155013667400000002",
            "version": "$Latest"
          }
        ],
        "load_balancers": [],
        "max_instance_lifetime": 0,
        "max_size": 3,
        "metrics_granularity": "1Minute",
        "min_elb_capacity": null,
        "min_size": 1,
        "mixed_instances_policy": [],
        "name": "as-2-asg-terraform",
        "name_prefix": "",
        "placement_group": "",
        "predicted_capacity": 0,
        "protect_from_scale_in": false,
        "region": "us-east-1",
        "service_linked_role_arn": "arn:aws:iam::183726524472:role/aws-service-role/autoscaling.amazonaws.com/AWSServiceRoleForAutoScaling",
        "suspended_processes": [],
        "tag": [
          {
            "key": "Environment",
            "propagate_at_launch": true,
            "value": "dev"
          },
          {
            "key": "Name",
            "propagate_at_launch": true,
            "value": "Private-asg-worker"
          },
          {
            "key": "Role",
            "propagate_at_launch": true,
            "value": "webserver"
          }
        ],
        "target_group_arns": [
          "arn:aws:elasticloadbalancing:us-east-1:183726524472:targetgroup/as-2-lb-alb-v2/c010ad18b141a998"
        ],
        "termination_policies": [],
        "timeouts": null,
        "traffic_source": [
          {
            "identifier": "arn:aws:elasticloadbalancing:us-east-1:183726524472:targetgroup/as-2-lb-alb-v2/c010ad18b141a998",
            "type": "elbv2"
          }
        ],
        "vpc_zone_identifier": [
          "subnet-0f6ea9a8cf593cfce",
          "subnet-0fa6caf093023c039"
        ],
        "wait_for_capacity_timeout": "10m",
        "wait_for_elb_capacity": null,
        "warm_pool": [],
        "warm_pool_size": 0
      },
      "type": [
        "object",
        {
          "arn": "string",
          "availability_zone_distribution": [
            "list",
            [
              "object",
              {
                "capacity_distribution_strategy": "string"
              }
            ]
          ],
          "availability_zones": [
            "set",
            "string"
          ],
          "capacity_rebalance": "bool",
          "capacity_reservation_specification": [
            "list",
            [
              "object",
              {
                "capacity_reservation_preference": "string",
                "capacity_reservation_target": [
                  "list",
                  [
                    "object",
                    {
                      "capacity_reservation_ids": [
                        "list",
                        "string"
                      ],
                      "capacity_reservation_resource_group_arns": [
                        "list",
                        "string"
                      ]
                    }
                  ]
                ]
              }
            ]
          ],
          "context": "string",
          "default_cooldown": "number",
          "default_instance_warmup": "number",
          "desired_capacity": "number",
          "desired_capacity_type": "string",
          "enabled_metrics": [
            "set",
            "string"
          ],
          "force_delete": "bool",
          "force_delete_warm_pool": "bool",
          "health_check_grace_period": "number",
          "health_check_type": "string",
          "id": "string",
          "ignore_failed_scaling_activities": "bool",
          "initial_lifecycle_hook": [
            "set",
            [
              "object",
              {
                "default_result": "string",
                "heartbeat_timeout": "number",
                "lifecycle_transition": "string",
                "name": "string",
                "notification_metadata": "string",
                "notification_target_arn": "string",
                "role_arn": "string"
              }
            ]
          ],
          "instance_maintenance_policy": [
            "list",
            [
              "object",
              {
                "max_healthy_percentage": "number",
                "min_healthy_percentage": "number"
              }
            ]
          ],
          "instance_refresh": [
            "list",
            [
              "object",
              {
                "preferences": [
                  "list",
                  [
                    "object",
                    {
                      "alarm_specification": [
                        "list",
                        [
                          "object",
                          {
                            "alarms": [
                              "list",
                              "string"
                            ]
                          }
                        ]
                      ],
                      "auto_rollback": "bool",
                      "checkpoint_delay": "string",
                      "checkpoint_percentages": [
                        "list",
                        "number"
                      ],
                      "instance_warmup": "string",
                      "max_healthy_percentage": "number",
                      "min_healthy_percentage": "number",
                      "scale_in_protected_instances": "string",
                      "skip_matching": "bool",
                      "standby_instances": "string"
                    }
                  ]
                ],
                "strategy": "string",
                "triggers": [
                  "set",
                  "string"
                ]
              }
            ]
          ],
          "launch_configuration": "string",
          "launch_template": [
            "list",
            [
              "object",
              {
                "id": "string",
                "name": "string",
                "version": "string"
              }
            ]
          ],
          "load_balancers": [
            "set",
            "string"
          ],
          "max_instance_lifetime": "number",
          "max_size": "number",
          "metrics_granularity": "string",
          "min_elb_capacity": "number",
          "min_size": "number",
          "mixed_instances_policy": [
            "list",
            [
              "object",
              {
                "instances_distribution": [
                  "list",
                  [
                    "object",
                    {
                      "on_demand_allocation_strategy": "string",
                      "on_demand_base_capacity": "number",
                      "on_demand_percentage_above_base_capacity": "number",
                      "spot_allocation_strategy": "string",
                      "spot_instance_pools": "number",
                      "spot_max_price": "string"
                    }
                  ]
                ],
                "launch_template": [
                  "list",
                  [
                    "object",
                    {
                      "launch_template_specification": [
                        "list",
                        [
                          "object",
                          {
                            "launch_template_id": "string",
                            "launch_template_name": "string",
                            "version": "string"
                          }
                        ]
                      ],
                      "override": [
                        "list",
                        [
                          "object",
                          {
                            "instance_requirements": [
                              "list",
                              [
                                "object",
                                {
                                  "accelerator_count": [
                                    "list",
                                    [
                                      "object",
                                      {
                                        "max": "number",
                                        "min": "number"
                                      }
                                    ]
                                  ],
                                  "accelerator_manufacturers": [
                                    "set",
                                    "string"
                                  ],
                                  "accelerator_names": [
                                    "set",
                                    "string"
                                  ],
                                  "accelerator_total_memory_mib": [
                                    "list",
                                    [
                                      "object",
                                      {
                                        "max": "number",
                                        "min": "number"
                                      }
                                    ]
                                  ],
                                  "accelerator_types": [
                                    "set",
                                    "string"
                                  ],
                                  "allowed_instance_types": [
                                    "set",
                                    "string"
                                  ],
                                  "bare_metal": "string",
                                  "baseline_ebs_bandwidth_mbps": [
                                    "list",
                                    [
                                      "object",
                                      {
                                        "max": "number",
                                        "min": "number"
                                      }
                                    ]
                                  ],
                                  "burstable_performance": "string",
                                  "cpu_manufacturers": [
                                    "set",
                                    "string"
                                  ],
                                  "excluded_instance_types": [
                                    "set",
                                    "string"
                                  ],
                                  "instance_generations": [
                                    "set",
                                    "string"
                                  ],
                                  "local_storage": "string",
                                  "local_storage_types": [
                                    "set",
                                    "string"
                                  ],
                                  "max_spot_price_as_percentage_of_optimal_on_demand_price": "number",
                                  "memory_gib_per_vcpu": [
                                    "list",
                                    [
                                      "object",
                                      {
                                        "max": "number",
                                        "min": "number"
                                      }
                                    ]
                                  ],
                                  "memory_mib": [
                                    "list",
                                    [
                                      "object",
                                      {
                                        "max": "number",
                                        "min": "number"
                                      }
                                    ]
                                  ],
                                  "network_bandwidth_gbps": [
                                    "list",
                                    [
                                      "object",
                                      {
                                        "max": "number",
                                        "min": "number"
                                      }
                                    ]
                                  ],
                                  "network_interface_count": [
                                    "list",
                                    [
                                      "object",
                                      {
                                        "max": "number",
                                        "min": "number"
                                      }
                                    ]
                                  ],
                                  "on_demand_max_price_percentage_over_lowest_price": "number",
                                  "require_hibernate_support": "bool",
                                  "spot_max_price_percentage_over_lowest_price": "number",
                                  "total_local_storage_gb": [
                                    "list",
                                    [
                                      "object",
                                      {
                                        "max": "number",
                                        "min": "number"
                                      }
                                    ]
                                  ],
                                  "vcpu_count": [
                                    "list",
                                    [
                                      "object",
                                      {
                                        "max": "number",
                                        "min": "number"
                                      }
                                    ]
                                  ]
                                }
                              ]
                            ],
                            "instance_type": "string",
                            "launch_template_specification": [
                              "list",
                              [
                                "object",
                                {
                                  "launch_template_id": "string",
                                  "launch_template_name": "string",
                                  "version": "string"
                                }
                              ]
                            ],
                            "weighted_capacity": "string"
                          }
                        ]
                      ]
                    }
                  ]
                ]
              }
            ]
          ],
          "name": "string",
          "name_prefix": "string",
          "placement_group": "string",
          "predicted_capacity": "number",
          "protect_from_scale_in": "bool",
          "region": "string",
          "service_linked_role_arn": "string",
          "suspended_processes": [
            "set",
            "string"
          ],
          "tag": [
            "set",
            [
              "object",
              {
                "key": "string",
                "propagate_at_launch": "bool",
                "value": "string"
              }
            ]
          ],
          "target_group_arns": [
            "set",
            "string"
          ],
          "termination_policies": [
            "list",
            "string"
          ],
          "timeouts": [
            "object",
            {
              "delete": "string",
              "update": "string"
            }
          ],
          "traffic_source": [
            "set",
            [
              "object",
              {
                "identifier": "string",
                "type": "string"
              }
            ]
          ],
          "vpc_zone_identifier": [
            "set",
            "string"
          ],
          "wait_for_capacity_timeout": "string",
          "wait_for_elb_capacity": "number",
          "warm_pool": [
            "list",
            [
              "object",
              {
                "instance_reuse_policy": [
                  "list",
                  [
                    "object",
                    {
                      "reuse_on_scale_in": "bool"
                    }
                  ]
                ],
                "max_group_prepared_capacity": "number",
                "min_size": "number",
                "pool_state": "string"
              }
            ]
          ],
          "warm_pool_size": "number"
        }
      ]
    },
    "bastion-ec2-id": {
      "value": "44.200.200.173",
      "type": "string"
    },
    "elastic-ip": {
      "value": "eipalloc-002c543b86ee23fde",
      "type": "string"
    },
    "igw-id": {
      "value": "igw-06c0f4cb92b05ea24",
      "type": "string"
    },
    "nat-gt-id": {
      "value": "nat-0efb109a5734a71da",
      "type": "string"
    },
    "private-sg": {
      "value": "sg-0813ce48ada47ec05",
      "type": "string"
    },
    "s3-arn": {
      "value": "arn:aws:s3:::demo-26--bucket-priyanshu-2026069",
      "type": "string"
    },
    "s3-bucket-id": {
      "value": "demo-26--bucket-priyanshu-2026069",
      "type": "string"
    },
    "secutiy-gp-alb": {
      "value": "sg-0efd36fbe70e6102f",
      "type": "string"
    },
    "sg-bastion": {
      "value": "sg-0f391761f7ab198dc",
      "type": "string"
    },
    "vpc-id": {
      "value": "vpc-04b772b5b56bea23d",
      "type": "string"
    }
  },
  "resources": [
    {
      "mode": "managed",
      "type": "local_file",
      "name": "ansible_vars",
      "provider": "provider[\"registry.terraform.io/hashicorp/local\"]",
      "instances": [
        {
          "schema_version": 0,
          "attributes": {
            "content": "bastion_ip: \"44.200.200.173\"\r\n",
            "content_base64": null,
            "content_base64sha256": "+uk+GbNJZ/g49Kq8Ui3qEiwHsMQwL36qJ5rLf7Nm0+Y=",
            "content_base64sha512": "NdXK42oHpJsjVjDGR3zsj0mDoCZlJ2Cq3WiZkRDsC3LHL+3JXChosHA0nlGyWopbPO5Ar60xJAeTDbUnFQHAoQ==",
            "content_md5": "08c438c2adab3dce66a516123e8588c5",
            "content_sha1": "779f66520999a693aae47d93c0bac4e11ad608da",
            "content_sha256": "fae93e19b34967f838f4aabc522dea122c07b0c4302f7eaa279acb7fb366d3e6",
            "content_sha512": "35d5cae36a07a49b235630c6477cec8f4983a026652760aadd68999110ec0b72c72fedc95c2868b070349e51b25a8a5b3cee40afad312407930db5271501c0a1",
            "directory_permission": "0777",
            "file_permission": "0777",
            "filename": "./bastion_vars.yml",
            "id": "779f66520999a693aae47d93c0bac4e11ad608da",
            "sensitive_content": null,
            "source": null
          },
          "sensitive_attributes": [
            [
              {
                "type": "get_attr",
                "value": "sensitive_content"
              }
            ]
          ],
          "identity_schema_version": 0,
          "dependencies": [
            "module.ec2_base.aws_instance.Bastion_instance",
            "module.security_group_base.aws_security_group.bastion_sg",
            "module.security_group_base.data.http.my_public_ip",
            "module.subnet_base.aws_subnet.public",
            "module.vpc_base.aws_vpc.VPC_structure"
          ]
        }
      ]
    },
    {
      "module": "module.alb_base",
      "mode": "managed",
      "type": "aws_lb",
      "name": "as-2-alb",
      "provider": "provider[\"registry.terraform.io/hashicorp/aws\"]",
      "instances": [
        {
          "schema_version": 0,
          "attributes": {
            "access_logs": [
              {
                "bucket": "",
                "enabled": false,
                "prefix": ""
              }
            ],
            "arn": "arn:aws:elasticloadbalancing:us-east-1:183726524472:loadbalancer/app/as-2-lb-tf/59dc0d74f2cd88d8",
            "arn_suffix": "app/as-2-lb-tf/59dc0d74f2cd88d8",
            "client_keep_alive": 3600,
            "connection_logs": [
              {
                "bucket": "",
                "enabled": false,
                "prefix": ""
              }
            ],
            "customer_owned_ipv4_pool": "",
            "desync_mitigation_mode": "defensive",
            "dns_name": "as-2-lb-tf-364513618.us-east-1.elb.amazonaws.com",
            "dns_record_client_routing_policy": null,
            "drop_invalid_header_fields": false,
            "enable_cross_zone_load_balancing": true,
            "enable_deletion_protection": false,
            "enable_http2": true,
            "enable_prefix_for_ipv6_source_nat": "off",
            "enable_tls_version_and_cipher_suite_headers": false,
            "enable_waf_fail_open": false,
            "enable_xff_client_port": false,
            "enable_zonal_shift": false,
            "enforce_security_group_inbound_rules_on_private_link_traffic": "",
            "health_check_logs": [
              {
                "bucket": "",
                "enabled": false,
                "prefix": ""
              }
            ],
            "id": "arn:aws:elasticloadbalancing:us-east-1:183726524472:loadbalancer/app/as-2-lb-tf/59dc0d74f2cd88d8",
            "idle_timeout": 60,
            "internal": false,
            "ip_address_type": "ipv4",
            "ipam_pools": [],
            "load_balancer_type": "application",
            "minimum_load_balancer_capacity": [],
            "name": "as-2-lb-tf",
            "name_prefix": "",
            "preserve_host_header": false,
            "region": "us-east-1",
            "secondary_ips_auto_assigned_per_subnet": null,
            "security_groups": [
              "sg-0efd36fbe70e6102f"
            ],
            "subnet_mapping": [
              {
                "allocation_id": "",
                "ipv6_address": "",
                "outpost_id": "",
                "private_ipv4_address": "",
                "subnet_id": "subnet-05c92a71b19b20924"
              },
              {
                "allocation_id": "",
                "ipv6_address": "",
                "outpost_id": "",
                "private_ipv4_address": "",
                "subnet_id": "subnet-0641589e58b8cbf7c"
              }
            ],
            "subnets": [
              "subnet-05c92a71b19b20924",
              "subnet-0641589e58b8cbf7c"
            ],
            "tags": {
              "Environment": "as-2-alb-nginx"
            },
            "tags_all": {
              "Environment": "as-2-alb-nginx"
            },
            "timeouts": null,
            "vpc_id": "vpc-04b772b5b56bea23d",
            "xff_header_processing_mode": "append",
            "zone_id": "Z35SXDOTRQ7X7K"
          },
          "sensitive_attributes": [],
          "identity_schema_version": 0,
          "identity": {
            "arn": "arn:aws:elasticloadbalancing:us-east-1:183726524472:loadbalancer/app/as-2-lb-tf/59dc0d74f2cd88d8"
          },
          "private": "eyJlMmJmYjczMC1lY2FhLTExZTYtOGY4OC0zNDM2M2JjN2M0YzAiOnsiY3JlYXRlIjo2MDAwMDAwMDAwMDAsImRlbGV0ZSI6NjAwMDAwMDAwMDAwLCJ1cGRhdGUiOjYwMDAwMDAwMDAwMH19",
          "dependencies": [
            "module.security_group_base.aws_security_group.sg-alb",
            "module.subnet_base.aws_subnet.public",
            "module.vpc_base.aws_vpc.VPC_structure"
          ]
        }
      ]
    },
    {
      "module": "module.alb_base",
      "mode": "managed",
      "type": "aws_lb_listener",
      "name": "http_listener",
      "provider": "provider[\"registry.terraform.io/hashicorp/aws\"]",
      "instances": [
        {
          "schema_version": 0,
          "attributes": {
            "alpn_policy": null,
            "arn": "arn:aws:elasticloadbalancing:us-east-1:183726524472:listener/app/as-2-lb-tf/59dc0d74f2cd88d8/2a95a3d6acf67144",
            "certificate_arn": null,
            "default_action": [
              {
                "authenticate_cognito": [],
                "authenticate_oidc": [],
                "fixed_response": [],
                "forward": [],
                "jwt_validation": [],
                "order": 1,
                "redirect": [],
                "target_group_arn": "arn:aws:elasticloadbalancing:us-east-1:183726524472:targetgroup/as-2-lb-alb-v2/c010ad18b141a998",
                "type": "forward"
              }
            ],
            "id": "arn:aws:elasticloadbalancing:us-east-1:183726524472:listener/app/as-2-lb-tf/59dc0d74f2cd88d8/2a95a3d6acf67144",
            "load_balancer_arn": "arn:aws:elasticloadbalancing:us-east-1:183726524472:loadbalancer/app/as-2-lb-tf/59dc0d74f2cd88d8",
            "mutual_authentication": [],
            "port": 80,
            "protocol": "HTTP",
            "region": "us-east-1",
            "routing_http_request_x_amzn_mtls_clientcert_header_name": null,
            "routing_http_request_x_amzn_mtls_clientcert_issuer_header_name": null,
            "routing_http_request_x_amzn_mtls_clientcert_leaf_header_name": null,
            "routing_http_request_x_amzn_mtls_clientcert_serial_number_header_name": null,
            "routing_http_request_x_amzn_mtls_clientcert_subject_header_name": null,
            "routing_http_request_x_amzn_mtls_clientcert_validity_header_name": null,
            "routing_http_request_x_amzn_tls_cipher_suite_header_name": null,
            "routing_http_request_x_amzn_tls_version_header_name": null,
            "routing_http_response_access_control_allow_credentials_header_value": "",
            "routing_http_response_access_control_allow_headers_header_value": "",
            "routing_http_response_access_control_allow_methods_header_value": "",
            "routing_http_response_access_control_allow_origin_header_value": "",
            "routing_http_response_access_control_expose_headers_header_value": "",
            "routing_http_response_access_control_max_age_header_value": "",
            "routing_http_response_content_security_policy_header_value": "",
            "routing_http_response_server_enabled": true,
            "routing_http_response_strict_transport_security_header_value": "",
            "routing_http_response_x_content_type_options_header_value": "",
            "routing_http_response_x_frame_options_header_value": "",
            "ssl_policy": "",
            "tags": {},
            "tags_all": {},
            "tcp_idle_timeout_seconds": null,
            "timeouts": null
          },
          "sensitive_attributes": [],
          "identity_schema_version": 0,
          "identity": {
            "arn": "arn:aws:elasticloadbalancing:us-east-1:183726524472:listener/app/as-2-lb-tf/59dc0d74f2cd88d8/2a95a3d6acf67144"
          },
          "private": "eyJlMmJmYjczMC1lY2FhLTExZTYtOGY4OC0zNDM2M2JjN2M0YzAiOnsiY3JlYXRlIjozMDAwMDAwMDAwMDAsInVwZGF0ZSI6MzAwMDAwMDAwMDAwfX0=",
          "dependencies": [
            "module.alb_base.aws_lb.as-2-alb",
            "module.alb_base.aws_lb_target_group.lb-target-v2",
            "module.security_group_base.aws_security_group.sg-alb",
            "module.subnet_base.aws_subnet.public",
            "module.vpc_base.aws_vpc.VPC_structure"
          ]
        }
      ]
    },
    {
      "module": "module.alb_base",
      "mode": "managed",
      "type": "aws_lb_target_group",
      "name": "lb-target-v2",
      "provider": "provider[\"registry.terraform.io/hashicorp/aws\"]",
      "instances": [
        {
          "schema_version": 0,
          "attributes": {
            "arn": "arn:aws:elasticloadbalancing:us-east-1:183726524472:targetgroup/as-2-lb-alb-v2/c010ad18b141a998",
            "arn_suffix": "targetgroup/as-2-lb-alb-v2/c010ad18b141a998",
            "connection_termination": null,
            "deregistration_delay": "300",
            "health_check": [
              {
                "enabled": true,
                "healthy_threshold": 3,
                "interval": 30,
                "matcher": "200",
                "path": "/",
                "port": "traffic-port",
                "protocol": "HTTP",
                "timeout": 5,
                "unhealthy_threshold": 3
              }
            ],
            "id": "arn:aws:elasticloadbalancing:us-east-1:183726524472:targetgroup/as-2-lb-alb-v2/c010ad18b141a998",
            "ip_address_type": "ipv4",
            "lambda_multi_value_headers_enabled": false,
            "load_balancer_arns": [
              "arn:aws:elasticloadbalancing:us-east-1:183726524472:loadbalancer/app/as-2-lb-tf/59dc0d74f2cd88d8"
            ],
            "load_balancing_algorithm_type": "round_robin",
            "load_balancing_anomaly_mitigation": "off",
            "load_balancing_cross_zone_enabled": "use_load_balancer_configuration",
            "name": "as-2-lb-alb-v2",
            "name_prefix": "",
            "port": 80,
            "preserve_client_ip": null,
            "protocol": "HTTP",
            "protocol_version": "HTTP1",
            "proxy_protocol_v2": false,
            "region": "us-east-1",
            "slow_start": 0,
            "stickiness": [
              {
                "cookie_duration": 86400,
                "cookie_name": "",
                "enabled": false,
                "type": "lb_cookie"
              }
            ],
            "tags": {
              "Name": "as-2-tg"
            },
            "tags_all": {
              "Name": "as-2-tg"
            },
            "target_control_port": 0,
            "target_failover": [
              {
                "on_deregistration": null,
                "on_unhealthy": null
              }
            ],
            "target_group_health": [
              {
                "dns_failover": [
                  {
                    "minimum_healthy_targets_count": "1",
                    "minimum_healthy_targets_percentage": "off"
                  }
                ],
                "unhealthy_state_routing": [
                  {
                    "minimum_healthy_targets_count": 1,
                    "minimum_healthy_targets_percentage": "off"
                  }
                ]
              }
            ],
            "target_health_state": [
              {
                "enable_unhealthy_connection_termination": null,
                "unhealthy_draining_interval": null
              }
            ],
            "target_type": "instance",
            "vpc_id": "vpc-04b772b5b56bea23d"
          },
          "sensitive_attributes": [],
          "identity_schema_version": 0,
          "identity": {
            "arn": "arn:aws:elasticloadbalancing:us-east-1:183726524472:targetgroup/as-2-lb-alb-v2/c010ad18b141a998"
          },
          "private": "bnVsbA==",
          "dependencies": [
            "module.vpc_base.aws_vpc.VPC_structure"
          ],
          "create_before_destroy": true
        }
      ]
    },
    {
      "module": "module.asg_base",
      "mode": "managed",
      "type": "aws_autoscaling_group",
      "name": "asg-as-2",
      "provider": "provider[\"registry.terraform.io/hashicorp/aws\"]",
      "instances": [
        {
          "schema_version": 1,
          "attributes": {
            "arn": "arn:aws:autoscaling:us-east-1:183726524472:autoScalingGroup:60f5892d-fcd6-451b-b0e9-eea4fb9e8c4c:autoScalingGroupName/as-2-asg-terraform",
            "availability_zone_distribution": [
              {
                "capacity_distribution_strategy": "balanced-best-effort"
              }
            ],
            "availability_zones": [
              "us-east-1a",
              "us-east-1b"
            ],
            "capacity_rebalance": false,
            "capacity_reservation_specification": [
              {
                "capacity_reservation_preference": "default",
                "capacity_reservation_target": []
              }
            ],
            "context": "",
            "default_cooldown": 300,
            "default_instance_warmup": 0,
            "desired_capacity": 1,
            "desired_capacity_type": "",
            "enabled_metrics": [],
            "force_delete": false,
            "force_delete_warm_pool": false,
            "health_check_grace_period": 600,
            "health_check_type": "EC2",
            "id": "as-2-asg-terraform",
            "ignore_failed_scaling_activities": false,
            "initial_lifecycle_hook": [],
            "instance_maintenance_policy": [],
            "instance_refresh": [
              {
                "preferences": [
                  {
                    "alarm_specification": [],
                    "auto_rollback": false,
                    "checkpoint_delay": "",
                    "checkpoint_percentages": [],
                    "instance_warmup": "",
                    "max_healthy_percentage": 100,
                    "min_healthy_percentage": 50,
                    "scale_in_protected_instances": "Ignore",
                    "skip_matching": false,
                    "standby_instances": "Ignore"
                  }
                ],
                "strategy": "Rolling",
                "triggers": []
              }
            ],
            "launch_configuration": "",
            "launch_template": [
              {
                "id": "lt-00717e8d70ba2c70d",
                "name": "as-2-lt-nginx20260617155013667400000002",
                "version": "$Latest"
              }
            ],
            "load_balancers": [],
            "max_instance_lifetime": 0,
            "max_size": 3,
            "metrics_granularity": "1Minute",
            "min_elb_capacity": null,
            "min_size": 1,
            "mixed_instances_policy": [],
            "name": "as-2-asg-terraform",
            "name_prefix": "",
            "placement_group": "",
            "predicted_capacity": 0,
            "protect_from_scale_in": false,
            "region": "us-east-1",
            "service_linked_role_arn": "arn:aws:iam::183726524472:role/aws-service-role/autoscaling.amazonaws.com/AWSServiceRoleForAutoScaling",
            "suspended_processes": [],
            "tag": [
              {
                "key": "Environment",
                "propagate_at_launch": true,
                "value": "dev"
              },
              {
                "key": "Name",
                "propagate_at_launch": true,
                "value": "Private-asg-worker"
              },
              {
                "key": "Role",
                "propagate_at_launch": true,
                "value": "webserver"
              }
            ],
            "target_group_arns": [
              "arn:aws:elasticloadbalancing:us-east-1:183726524472:targetgroup/as-2-lb-alb-v2/c010ad18b141a998"
            ],
            "termination_policies": [],
            "timeouts": null,
            "traffic_source": [
              {
                "identifier": "arn:aws:elasticloadbalancing:us-east-1:183726524472:targetgroup/as-2-lb-alb-v2/c010ad18b141a998",
                "type": "elbv2"
              }
            ],
            "vpc_zone_identifier": [
              "subnet-0f6ea9a8cf593cfce",
              "subnet-0fa6caf093023c039"
            ],
            "wait_for_capacity_timeout": "10m",
            "wait_for_elb_capacity": null,
            "warm_pool": [],
            "warm_pool_size": 0
          },
          "sensitive_attributes": [],
          "identity_schema_version": 0,
          "identity": {
            "account_id": "183726524472",
            "name": "as-2-asg-terraform",
            "region": "us-east-1"
          },
          "private": "eyJlMmJmYjczMC1lY2FhLTExZTYtOGY4OC0zNDM2M2JjN2M0YzAiOnsiZGVsZXRlIjo2MDAwMDAwMDAwMDAsInVwZGF0ZSI6NjAwMDAwMDAwMDAwfSwic2NoZW1hX3ZlcnNpb24iOiIxIn0=",
          "dependencies": [
            "module.alb_base.aws_lb_target_group.lb-target-v2",
            "module.asg_base.aws_launch_template.lt-as-2",
            "module.security_group_base.aws_security_group.bastion_sg",
            "module.security_group_base.aws_security_group.private-ec2-sg",
            "module.security_group_base.aws_security_group.sg-alb",
            "module.security_group_base.data.http.my_public_ip",
            "module.subnet_base.aws_subnet.private",
            "module.vpc_base.aws_vpc.VPC_structure"
          ],
          "create_before_destroy": true
        }
      ]
    },
    {
      "module": "module.asg_base",
      "mode": "managed",
      "type": "aws_autoscaling_policy",
      "name": "scale_in",
      "provider": "provider[\"registry.terraform.io/hashicorp/aws\"]",
      "instances": [
        {
          "schema_version": 0,
          "attributes": {
            "adjustment_type": "ChangeInCapacity",
            "arn": "arn:aws:autoscaling:us-east-1:183726524472:scalingPolicy:60074bb6-e6c1-4977-a371-5d470e8485c6:autoScalingGroupName/as-2-asg-terraform:policyName/as-1-nginx-scale-in",
            "autoscaling_group_name": "as-2-asg-terraform",
            "cooldown": 300,
            "enabled": true,
            "estimated_instance_warmup": 0,
            "id": "as-1-nginx-scale-in",
            "metric_aggregation_type": "",
            "min_adjustment_magnitude": 0,
            "name": "as-1-nginx-scale-in",
            "policy_type": "SimpleScaling",
            "predictive_scaling_configuration": [],
            "region": "us-east-1",
            "scaling_adjustment": -1,
            "step_adjustment": [],
            "target_tracking_configuration": []
          },
          "sensitive_attributes": [],
          "identity_schema_version": 0,
          "identity": {
            "account_id": "183726524472",
            "autoscaling_group_name": "as-2-asg-terraform",
            "name": "as-1-nginx-scale-in",
            "region": "us-east-1"
          },
          "private": "bnVsbA==",
          "dependencies": [
            "module.alb_base.aws_lb_target_group.lb-target-v2",
            "module.asg_base.aws_autoscaling_group.asg-as-2",
            "module.asg_base.aws_launch_template.lt-as-2",
            "module.security_group_base.aws_security_group.bastion_sg",
            "module.security_group_base.aws_security_group.private-ec2-sg",
            "module.security_group_base.aws_security_group.sg-alb",
            "module.security_group_base.data.http.my_public_ip",
            "module.subnet_base.aws_subnet.private",
            "module.vpc_base.aws_vpc.VPC_structure"
          ]
        }
      ]
    },
    {
      "module": "module.asg_base",
      "mode": "managed",
      "type": "aws_autoscaling_policy",
      "name": "scale_out",
      "provider": "provider[\"registry.terraform.io/hashicorp/aws\"]",
      "instances": [
        {
          "schema_version": 0,
          "attributes": {
            "adjustment_type": "ChangeInCapacity",
            "arn": "arn:aws:autoscaling:us-east-1:183726524472:scalingPolicy:4d56e148-f162-425a-86e5-743fab49d3f9:autoScalingGroupName/as-2-asg-terraform:policyName/as-1-nginx-scale-out",
            "autoscaling_group_name": "as-2-asg-terraform",
            "cooldown": 300,
            "enabled": true,
            "estimated_instance_warmup": 0,
            "id": "as-1-nginx-scale-out",
            "metric_aggregation_type": "",
            "min_adjustment_magnitude": 0,
            "name": "as-1-nginx-scale-out",
            "policy_type": "SimpleScaling",
            "predictive_scaling_configuration": [],
            "region": "us-east-1",
            "scaling_adjustment": 1,
            "step_adjustment": [],
            "target_tracking_configuration": []
          },
          "sensitive_attributes": [],
          "identity_schema_version": 0,
          "identity": {
            "account_id": "183726524472",
            "autoscaling_group_name": "as-2-asg-terraform",
            "name": "as-1-nginx-scale-out",
            "region": "us-east-1"
          },
          "private": "bnVsbA==",
          "dependencies": [
            "module.alb_base.aws_lb_target_group.lb-target-v2",
            "module.asg_base.aws_autoscaling_group.asg-as-2",
            "module.asg_base.aws_launch_template.lt-as-2",
            "module.security_group_base.aws_security_group.bastion_sg",
            "module.security_group_base.aws_security_group.private-ec2-sg",
            "module.security_group_base.aws_security_group.sg-alb",
            "module.security_group_base.data.http.my_public_ip",
            "module.subnet_base.aws_subnet.private",
            "module.vpc_base.aws_vpc.VPC_structure"
          ]
        }
      ]
    },
    {
      "module": "module.asg_base",
      "mode": "managed",
      "type": "aws_cloudwatch_metric_alarm",
      "name": "cpu_high-as-1",
      "provider": "provider[\"registry.terraform.io/hashicorp/aws\"]",
      "instances": [
        {
          "schema_version": 1,
          "attributes": {
            "actions_enabled": true,
            "alarm_actions": [
              "arn:aws:autoscaling:us-east-1:183726524472:scalingPolicy:4d56e148-f162-425a-86e5-743fab49d3f9:autoScalingGroupName/as-2-asg-terraform:policyName/as-1-nginx-scale-out"
            ],
            "alarm_description": "Scale OUT: CPU \u003e= 50% for 4 minutes",
            "alarm_name": "as-1-Cloud-watch-nginx-cpu-high",
            "arn": "arn:aws:cloudwatch:us-east-1:183726524472:alarm:as-1-Cloud-watch-nginx-cpu-high",
            "comparison_operator": "GreaterThanOrEqualToThreshold",
            "datapoints_to_alarm": 0,
            "dimensions": {
              "AutoScalingGroupName": "as-2-asg-terraform"
            },
            "evaluate_low_sample_count_percentiles": "",
            "evaluation_criteria": [],
            "evaluation_interval": 0,
            "evaluation_periods": 2,
            "extended_statistic": "",
            "id": "as-1-Cloud-watch-nginx-cpu-high",
            "insufficient_data_actions": [],
            "metric_name": "CPUUtilization",
            "metric_query": [],
            "namespace": "AWS/EC2",
            "ok_actions": [],
            "period": 120,
            "region": "us-east-1",
            "statistic": "Average",
            "tags": {},
            "tags_all": {},
            "threshold": 50,
            "threshold_metric_id": "",
            "treat_missing_data": "missing",
            "unit": ""
          },
          "sensitive_attributes": [],
          "identity_schema_version": 0,
          "identity": {
            "account_id": "183726524472",
            "alarm_name": "as-1-Cloud-watch-nginx-cpu-high",
            "region": "us-east-1"
          },
          "private": "eyJzY2hlbWFfdmVyc2lvbiI6IjEifQ==",
          "dependencies": [
            "module.alb_base.aws_lb_target_group.lb-target-v2",
            "module.asg_base.aws_autoscaling_group.asg-as-2",
            "module.asg_base.aws_autoscaling_policy.scale_out",
            "module.asg_base.aws_launch_template.lt-as-2",
            "module.security_group_base.aws_security_group.bastion_sg",
            "module.security_group_base.aws_security_group.private-ec2-sg",
            "module.security_group_base.aws_security_group.sg-alb",
            "module.security_group_base.data.http.my_public_ip",
            "module.subnet_base.aws_subnet.private",
            "module.vpc_base.aws_vpc.VPC_structure"
          ]
        }
      ]
    },
    {
      "module": "module.asg_base",
      "mode": "managed",
      "type": "aws_cloudwatch_metric_alarm",
      "name": "cpu_low-as-1",
      "provider": "provider[\"registry.terraform.io/hashicorp/aws\"]",
      "instances": [
        {
          "schema_version": 1,
          "attributes": {
            "actions_enabled": true,
            "alarm_actions": [
              "arn:aws:autoscaling:us-east-1:183726524472:scalingPolicy:60074bb6-e6c1-4977-a371-5d470e8485c6:autoScalingGroupName/as-2-asg-terraform:policyName/as-1-nginx-scale-in"
            ],
            "alarm_description": "Scale IN: CPU \u003c= 30% for 4 minutes",
            "alarm_name": "as-1-nginx-cpu-low",
            "arn": "arn:aws:cloudwatch:us-east-1:183726524472:alarm:as-1-nginx-cpu-low",
            "comparison_operator": "LessThanOrEqualToThreshold",
            "datapoints_to_alarm": 0,
            "dimensions": {
              "AutoScalingGroupName": "as-2-asg-terraform"
            },
            "evaluate_low_sample_count_percentiles": "",
            "evaluation_criteria": [],
            "evaluation_interval": 0,
            "evaluation_periods": 2,
            "extended_statistic": "",
            "id": "as-1-nginx-cpu-low",
            "insufficient_data_actions": [],
            "metric_name": "CPUUtilization",
            "metric_query": [],
            "namespace": "AWS/EC2",
            "ok_actions": [],
            "period": 120,
            "region": "us-east-1",
            "statistic": "Average",
            "tags": {},
            "tags_all": {},
            "threshold": 30,
            "threshold_metric_id": "",
            "treat_missing_data": "missing",
            "unit": ""
          },
          "sensitive_attributes": [],
          "identity_schema_version": 0,
          "identity": {
            "account_id": "183726524472",
            "alarm_name": "as-1-nginx-cpu-low",
            "region": "us-east-1"
          },
          "private": "eyJzY2hlbWFfdmVyc2lvbiI6IjEifQ==",
          "dependencies": [
            "module.alb_base.aws_lb_target_group.lb-target-v2",
            "module.asg_base.aws_autoscaling_group.asg-as-2",
            "module.asg_base.aws_autoscaling_policy.scale_in",
            "module.asg_base.aws_launch_template.lt-as-2",
            "module.security_group_base.aws_security_group.bastion_sg",
            "module.security_group_base.aws_security_group.private-ec2-sg",
            "module.security_group_base.aws_security_group.sg-alb",
            "module.security_group_base.data.http.my_public_ip",
            "module.subnet_base.aws_subnet.private",
            "module.vpc_base.aws_vpc.VPC_structure"
          ]
        }
      ]
    },
    {
      "module": "module.asg_base",
      "mode": "managed",
      "type": "aws_launch_template",
      "name": "lt-as-2",
      "provider": "provider[\"registry.terraform.io/hashicorp/aws\"]",
      "instances": [
        {
          "schema_version": 1,
          "attributes": {
            "arn": "arn:aws:ec2:us-east-1:183726524472:launch-template/lt-00717e8d70ba2c70d",
            "block_device_mappings": [],
            "capacity_reservation_specification": [],
            "cpu_options": [],
            "credit_specification": [],
            "default_version": 1,
            "description": "",
            "disable_api_stop": false,
            "disable_api_termination": false,
            "ebs_optimized": "",
            "enclave_options": [],
            "hibernation_options": [],
            "iam_instance_profile": [],
            "id": "lt-00717e8d70ba2c70d",
            "image_id": "ami-05cf1e9f73fbad2e2",
            "instance_initiated_shutdown_behavior": "",
            "instance_market_options": [],
            "instance_requirements": [],
            "instance_type": "t3.small",
            "kernel_id": "",
            "key_name": "ansible-green",
            "latest_version": 1,
            "license_specification": [],
            "maintenance_options": [],
            "metadata_options": [
              {
                "http_endpoint": "enabled",
                "http_protocol_ipv6": "",
                "http_put_response_hop_limit": 1,
                "http_tokens": "required",
                "instance_metadata_tags": ""
              }
            ],
            "monitoring": [],
            "name": "as-2-lt-nginx20260617155013667400000002",
            "name_prefix": "as-2-lt-nginx",
            "network_interfaces": [],
            "network_performance_options": [],
            "placement": [],
            "private_dns_name_options": [],
            "ram_disk_id": "",
            "region": "us-east-1",
            "secondary_interfaces": [],
            "security_group_names": [],
            "tag_specifications": [
              {
                "resource_type": "instance",
                "tags": {
                  "Environment": "dev",
                  "Name": "as-2-lt-nginx-instance"
                }
              }
            ],
            "tags": {},
            "tags_all": {},
            "update_default_version": null,
            "user_data": "",
            "vpc_security_group_ids": [
              "sg-0813ce48ada47ec05"
            ]
          },
          "sensitive_attributes": [],
          "identity_schema_version": 0,
          "identity": {
            "account_id": "183726524472",
            "id": "lt-00717e8d70ba2c70d",
            "region": "us-east-1"
          },
          "private": "eyJzY2hlbWFfdmVyc2lvbiI6IjEifQ==",
          "dependencies": [
            "module.security_group_base.aws_security_group.bastion_sg",
            "module.security_group_base.aws_security_group.private-ec2-sg",
            "module.security_group_base.aws_security_group.sg-alb",
            "module.security_group_base.data.http.my_public_ip",
            "module.vpc_base.aws_vpc.VPC_structure"
          ],
          "create_before_destroy": true
        }
      ]
    },
    {
      "module": "module.ec2_base",
      "mode": "managed",
      "type": "aws_instance",
      "name": "Bastion_instance",
      "provider": "provider[\"registry.terraform.io/hashicorp/aws\"]",
      "instances": [
        {
          "schema_version": 2,
          "attributes": {
            "ami": "ami-0c7217cdde317cfec",
            "arn": "arn:aws:ec2:us-east-1:183726524472:instance/i-08f3adccf309c8e0e",
            "associate_public_ip_address": true,
            "availability_zone": "us-east-1a",
            "capacity_reservation_specification": [
              {
                "capacity_reservation_preference": "open",
                "capacity_reservation_target": []
              }
            ],
            "cpu_options": [
              {
                "amd_sev_snp": "",
                "core_count": 1,
                "nested_virtualization": "",
                "threads_per_core": 2
              }
            ],
            "credit_specification": [
              {
                "cpu_credits": "unlimited"
              }
            ],
            "disable_api_stop": false,
            "disable_api_termination": false,
            "ebs_block_device": [],
            "ebs_optimized": false,
            "enable_primary_ipv6": null,
            "enclave_options": [
              {
                "enabled": false
              }
            ],
            "ephemeral_block_device": [],
            "force_destroy": false,
            "get_password_data": false,
            "hibernation": false,
            "host_id": "",
            "host_resource_group_arn": null,
            "iam_instance_profile": "",
            "id": "i-08f3adccf309c8e0e",
            "instance_initiated_shutdown_behavior": "stop",
            "instance_lifecycle": "",
            "instance_market_options": [],
            "instance_state": "running",
            "instance_type": "t3.micro",
            "ipv6_address_count": 0,
            "ipv6_addresses": [],
            "key_name": "ansible-green",
            "launch_template": [],
            "maintenance_options": [
              {
                "auto_recovery": "default"
              }
            ],
            "metadata_options": [
              {
                "http_endpoint": "enabled",
                "http_protocol_ipv6": "disabled",
                "http_put_response_hop_limit": 1,
                "http_tokens": "optional",
                "instance_metadata_tags": "disabled"
              }
            ],
            "monitoring": false,
            "network_interface": [],
            "outpost_arn": "",
            "password_data": "",
            "placement_group": "",
            "placement_group_id": "",
            "placement_partition_number": 0,
            "primary_network_interface": [
              {
                "delete_on_termination": true,
                "network_interface_id": "eni-010597fc191c838a8"
              }
            ],
            "primary_network_interface_id": "eni-010597fc191c838a8",
            "private_dns": "ip-10-0-1-172.ec2.internal",
            "private_dns_name_options": [
              {
                "enable_resource_name_dns_a_record": false,
                "enable_resource_name_dns_aaaa_record": false,
                "hostname_type": "ip-name"
              }
            ],
            "private_ip": "10.0.1.172",
            "public_dns": "",
            "public_ip": "44.200.200.173",
            "region": "us-east-1",
            "root_block_device": [
              {
                "delete_on_termination": true,
                "device_name": "/dev/sda1",
                "encrypted": false,
                "iops": 100,
                "kms_key_id": "",
                "tags": {},
                "tags_all": {},
                "throughput": 0,
                "volume_id": "vol-0259918bca311d4b4",
                "volume_size": 8,
                "volume_type": "gp2"
              }
            ],
            "secondary_network_interface": [],
            "secondary_private_ips": [],
            "security_groups": [],
            "source_dest_check": true,
            "spot_instance_request_id": "",
            "subnet_id": "subnet-0641589e58b8cbf7c",
            "tags": {
              "Environment": "dev",
              "Name": "bastion-host-nginx"
            },
            "tags_all": {
              "Environment": "dev",
              "Name": "bastion-host-nginx"
            },
            "tenancy": "default",
            "timeouts": null,
            "user_data": null,
            "user_data_base64": null,
            "user_data_replace_on_change": false,
            "volume_tags": null,
            "vpc_security_group_ids": [
              "sg-0f391761f7ab198dc"
            ]
          },
          "sensitive_attributes": [],
          "identity_schema_version": 0,
          "identity": {
            "account_id": "183726524472",
            "id": "i-08f3adccf309c8e0e",
            "region": "us-east-1"
          },
          "private": "eyJlMmJmYjczMC1lY2FhLTExZTYtOGY4OC0zNDM2M2JjN2M0YzAiOnsiY3JlYXRlIjo2MDAwMDAwMDAwMDAsImRlbGV0ZSI6MTIwMDAwMDAwMDAwMCwicmVhZCI6OTAwMDAwMDAwMDAwLCJ1cGRhdGUiOjYwMDAwMDAwMDAwMH0sInNjaGVtYV92ZXJzaW9uIjoiMiJ9",
          "dependencies": [
            "module.security_group_base.aws_security_group.bastion_sg",
            "module.security_group_base.data.http.my_public_ip",
            "module.subnet_base.aws_subnet.public",
            "module.vpc_base.aws_vpc.VPC_structure"
          ]
        }
      ]
    },
    {
      "module": "module.s3_base",
      "mode": "managed",
      "type": "aws_dynamodb_table",
      "name": "terraform_state_lock",
      "provider": "provider[\"registry.terraform.io/hashicorp/aws\"]",
      "instances": [
        {
          "schema_version": 1,
          "attributes": {
            "arn": "arn:aws:dynamodb:us-east-1:183726524472:table/terraform-state-lock",
            "attribute": [
              {
                "name": "LockID",
                "type": "S"
              }
            ],
            "billing_mode": "PAY_PER_REQUEST",
            "deletion_protection_enabled": false,
            "global_secondary_index": [],
            "global_table_witness": [],
            "hash_key": "LockID",
            "id": "terraform-state-lock",
            "import_table": [],
            "local_secondary_index": [],
            "name": "terraform-state-lock",
            "on_demand_throughput": [],
            "point_in_time_recovery": [
              {
                "enabled": false,
                "recovery_period_in_days": 0
              }
            ],
            "range_key": null,
            "read_capacity": 0,
            "region": "us-east-1",
            "replica": [],
            "restore_backup_arn": null,
            "restore_date_time": null,
            "restore_source_name": null,
            "restore_source_table_arn": null,
            "restore_to_latest_time": null,
            "server_side_encryption": [],
            "stream_arn": "",
            "stream_enabled": false,
            "stream_label": "",
            "stream_view_type": "",
            "table_class": "STANDARD",
            "tags": {
              "Environment": "Dev",
              "Name": "terraform-state-lock"
            },
            "tags_all": {
              "Environment": "Dev",
              "Name": "terraform-state-lock"
            },
            "timeouts": null,
            "ttl": [
              {
                "attribute_name": "",
                "enabled": false
              }
            ],
            "warm_throughput": [],
            "write_capacity": 0
          },
          "sensitive_attributes": [],
          "identity_schema_version": 0,
          "identity": {
            "account_id": "183726524472",
            "name": "terraform-state-lock",
            "region": "us-east-1"
          },
          "private": "eyJlMmJmYjczMC1lY2FhLTExZTYtOGY4OC0zNDM2M2JjN2M0YzAiOnsiY3JlYXRlIjoxODAwMDAwMDAwMDAwLCJkZWxldGUiOjYwMDAwMDAwMDAwMCwidXBkYXRlIjozNjAwMDAwMDAwMDAwfSwic2NoZW1hX3ZlcnNpb24iOiIxIn0="
        }
      ]
    },
    {
      "module": "module.s3_base",
      "mode": "managed",
      "type": "aws_s3_bucket",
      "name": "s3_bucket",
      "provider": "provider[\"registry.terraform.io/hashicorp/aws\"]",
      "instances": [
        {
          "schema_version": 0,
          "attributes": {
            "acceleration_status": "",
            "acl": null,
            "arn": "arn:aws:s3:::demo-26--bucket-priyanshu-2026069",
            "bucket": "demo-26--bucket-priyanshu-2026069",
            "bucket_domain_name": "demo-26--bucket-priyanshu-2026069.s3.amazonaws.com",
            "bucket_namespace": "global",
            "bucket_prefix": "",
            "bucket_region": "us-east-1",
            "bucket_regional_domain_name": "demo-26--bucket-priyanshu-2026069.s3.us-east-1.amazonaws.com",
            "cors_rule": [],
            "force_destroy": false,
            "grant": [
              {
                "id": "72aac2722d398a480aa827b0b661cb248818442601fc8b90565e0670ab13ab7b",
                "permissions": [
                  "FULL_CONTROL"
                ],
                "type": "CanonicalUser",
                "uri": ""
              }
            ],
            "hosted_zone_id": "Z3AQBSTGFYJSTF",
            "id": "demo-26--bucket-priyanshu-2026069",
            "lifecycle_rule": [],
            "logging": [],
            "object_lock_configuration": [],
            "object_lock_enabled": false,
            "policy": "",
            "region": "us-east-1",
            "replication_configuration": [],
            "request_payer": "BucketOwner",
            "server_side_encryption_configuration": [
              {
                "rule": [
                  {
                    "apply_server_side_encryption_by_default": [
                      {
                        "kms_master_key_id": "",
                        "sse_algorithm": "AES256"
                      }
                    ],
                    "bucket_key_enabled": false
                  }
                ]
              }
            ],
            "tags": {
              "Environment": "Dev",
              "Name": "s3-bucket-as-2"
            },
            "tags_all": {
              "Environment": "Dev",
              "Name": "s3-bucket-as-2"
            },
            "timeouts": null,
            "versioning": [
              {
                "enabled": true,
                "mfa_delete": false
              }
            ],
            "website": [],
            "website_domain": null,
            "website_endpoint": null
          },
          "sensitive_attributes": [],
          "identity_schema_version": 0,
          "identity": {
            "account_id": "183726524472",
            "bucket": "demo-26--bucket-priyanshu-2026069",
            "region": "us-east-1"
          },
          "private": "eyJlMmJmYjczMC1lY2FhLTExZTYtOGY4OC0zNDM2M2JjN2M0YzAiOnsiY3JlYXRlIjoxMjAwMDAwMDAwMDAwLCJkZWxldGUiOjM2MDAwMDAwMDAwMDAsInJlYWQiOjEyMDAwMDAwMDAwMDAsInVwZGF0ZSI6MTIwMDAwMDAwMDAwMH19"
        }
      ]
    },
    {
      "module": "module.s3_base",
      "mode": "managed",
      "type": "aws_s3_bucket_public_access_block",
      "name": "tf_state_pab",
      "provider": "provider[\"registry.terraform.io/hashicorp/aws\"]",
      "instances": [
        {
          "schema_version": 0,
          "attributes": {
            "block_public_acls": true,
            "block_public_policy": true,
            "bucket": "demo-26--bucket-priyanshu-2026069",
            "id": "demo-26--bucket-priyanshu-2026069",
            "ignore_public_acls": true,
            "region": "us-east-1",
            "restrict_public_buckets": true,
            "skip_destroy": null
          },
          "sensitive_attributes": [],
          "identity_schema_version": 0,
          "identity": {
            "account_id": "183726524472",
            "bucket": "demo-26--bucket-priyanshu-2026069",
            "region": "us-east-1"
          },
          "private": "bnVsbA==",
          "dependencies": [
            "module.s3_base.aws_s3_bucket.s3_bucket"
          ]
        }
      ]
    },
    {
      "module": "module.s3_base",
      "mode": "managed",
      "type": "aws_s3_bucket_versioning",
      "name": "s3_bucket_versioning",
      "provider": "provider[\"registry.terraform.io/hashicorp/aws\"]",
      "instances": [
        {
          "schema_version": 0,
          "attributes": {
            "bucket": "demo-26--bucket-priyanshu-2026069",
            "expected_bucket_owner": "",
            "id": "demo-26--bucket-priyanshu-2026069",
            "mfa": null,
            "region": "us-east-1",
            "versioning_configuration": [
              {
                "mfa_delete": "Disabled",
                "status": "Enabled"
              }
            ]
          },
          "sensitive_attributes": [],
          "identity_schema_version": 1,
          "identity": {
            "account_id": "183726524472",
            "bucket": "demo-26--bucket-priyanshu-2026069",
            "region": "us-east-1"
          },
          "private": "bnVsbA==",
          "dependencies": [
            "module.s3_base.aws_s3_bucket.s3_bucket"
          ]
        }
      ]
    },
    {
      "module": "module.security_group_base",
      "mode": "data",
      "type": "http",
      "name": "my_public_ip",
      "provider": "provider[\"registry.terraform.io/hashicorp/http\"]",
      "instances": [
        {
          "schema_version": 0,
          "attributes": {
            "body": "103.171.172.161",
            "ca_cert_pem": null,
            "client_cert_pem": null,
            "client_key_pem": null,
            "id": "https://ifconfig.me/ip",
            "insecure": null,
            "method": null,
            "request_body": null,
            "request_headers": null,
            "request_timeout_ms": null,
            "response_body": "103.171.172.161",
            "response_body_base64": "MTAzLjE3MS4xNzIuMTYx",
            "response_headers": {
              "Access-Control-Allow-Origin": "*",
              "Alt-Svc": "h3=\":443\"; ma=2592000",
              "Content-Length": "15",
              "Content-Type": "text/plain",
              "Date": "Wed, 17 Jun 2026 16:43:24 GMT",
              "Via": "1.1 google"
            },
            "retry": null,
            "status_code": 200,
            "url": "https://ifconfig.me/ip"
          },
          "sensitive_attributes": [],
          "identity_schema_version": 0
        }
      ]
    },
    {
      "module": "module.security_group_base",
      "mode": "managed",
      "type": "aws_security_group",
      "name": "bastion_sg",
      "provider": "provider[\"registry.terraform.io/hashicorp/aws\"]",
      "instances": [
        {
          "schema_version": 1,
          "attributes": {
            "arn": "arn:aws:ec2:us-east-1:183726524472:security-group/sg-0f391761f7ab198dc",
            "description": "Allow SSH inbound to Bastion host",
            "egress": [
              {
                "cidr_blocks": [
                  "0.0.0.0/0"
                ],
                "description": "Allow all outbound",
                "from_port": 0,
                "ipv6_cidr_blocks": [],
                "prefix_list_ids": [],
                "protocol": "-1",
                "security_groups": [],
                "self": false,
                "to_port": 0
              }
            ],
            "id": "sg-0f391761f7ab198dc",
            "ingress": [
              {
                "cidr_blocks": [
                  "103.171.172.161/32"
                ],
                "description": "SSH from allowed CIDR",
                "from_port": 22,
                "ipv6_cidr_blocks": [],
                "prefix_list_ids": [],
                "protocol": "tcp",
                "security_groups": [],
                "self": false,
                "to_port": 22
              }
            ],
            "name": "bastion-sg-Nginx",
            "name_prefix": "",
            "owner_id": "183726524472",
            "region": "us-east-1",
            "revoke_rules_on_delete": false,
            "tags": {
              "Name": "Nginx-nginx-as-1-bastion-sg"
            },
            "tags_all": {
              "Name": "Nginx-nginx-as-1-bastion-sg"
            },
            "timeouts": null,
            "vpc_id": "vpc-04b772b5b56bea23d"
          },
          "sensitive_attributes": [],
          "identity_schema_version": 0,
          "identity": {
            "account_id": "183726524472",
            "id": "sg-0f391761f7ab198dc",
            "region": "us-east-1"
          },
          "private": "eyJlMmJmYjczMC1lY2FhLTExZTYtOGY4OC0zNDM2M2JjN2M0YzAiOnsiY3JlYXRlIjo2MDAwMDAwMDAwMDAsImRlbGV0ZSI6OTAwMDAwMDAwMDAwfSwic2NoZW1hX3ZlcnNpb24iOiIxIn0=",
          "dependencies": [
            "module.security_group_base.data.http.my_public_ip",
            "module.vpc_base.aws_vpc.VPC_structure"
          ],
          "create_before_destroy": true
        }
      ]
    },
    {
      "module": "module.security_group_base",
      "mode": "managed",
      "type": "aws_security_group",
      "name": "private-ec2-sg",
      "provider": "provider[\"registry.terraform.io/hashicorp/aws\"]",
      "instances": [
        {
          "schema_version": 1,
          "attributes": {
            "arn": "arn:aws:ec2:us-east-1:183726524472:security-group/sg-0813ce48ada47ec05",
            "description": "Allow HTTP from ALB only; all outbound",
            "egress": [
              {
                "cidr_blocks": [
                  "0.0.0.0/0"
                ],
                "description": "All outbound SSH",
                "from_port": 0,
                "ipv6_cidr_blocks": [],
                "prefix_list_ids": [],
                "protocol": "-1",
                "security_groups": [],
                "self": false,
                "to_port": 0
              }
            ],
            "id": "sg-0813ce48ada47ec05",
            "ingress": [
              {
                "cidr_blocks": [],
                "description": "PORT-80",
                "from_port": 80,
                "ipv6_cidr_blocks": [],
                "prefix_list_ids": [],
                "protocol": "tcp",
                "security_groups": [
                  "sg-0efd36fbe70e6102f"
                ],
                "self": false,
                "to_port": 80
              },
              {
                "cidr_blocks": [],
                "description": "SSH from Bastion",
                "from_port": 22,
                "ipv6_cidr_blocks": [],
                "prefix_list_ids": [],
                "protocol": "tcp",
                "security_groups": [
                  "sg-0f391761f7ab198dc"
                ],
                "self": false,
                "to_port": 22
              }
            ],
            "name": "nginx-infra-alb-ec2",
            "name_prefix": "",
            "owner_id": "183726524472",
            "region": "us-east-1",
            "revoke_rules_on_delete": false,
            "tags": {
              "Name": "Nginx-infra-asg-sg"
            },
            "tags_all": {
              "Name": "Nginx-infra-asg-sg"
            },
            "timeouts": null,
            "vpc_id": "vpc-04b772b5b56bea23d"
          },
          "sensitive_attributes": [],
          "identity_schema_version": 0,
          "identity": {
            "account_id": "183726524472",
            "id": "sg-0813ce48ada47ec05",
            "region": "us-east-1"
          },
          "private": "eyJlMmJmYjczMC1lY2FhLTExZTYtOGY4OC0zNDM2M2JjN2M0YzAiOnsiY3JlYXRlIjo2MDAwMDAwMDAwMDAsImRlbGV0ZSI6OTAwMDAwMDAwMDAwfSwic2NoZW1hX3ZlcnNpb24iOiIxIn0=",
          "dependencies": [
            "module.security_group_base.aws_security_group.bastion_sg",
            "module.security_group_base.aws_security_group.sg-alb",
            "module.security_group_base.data.http.my_public_ip",
            "module.vpc_base.aws_vpc.VPC_structure"
          ],
          "create_before_destroy": true
        }
      ]
    },
    {
      "module": "module.security_group_base",
      "mode": "managed",
      "type": "aws_security_group",
      "name": "sg-alb",
      "provider": "provider[\"registry.terraform.io/hashicorp/aws\"]",
      "instances": [
        {
          "schema_version": 1,
          "attributes": {
            "arn": "arn:aws:ec2:us-east-1:183726524472:security-group/sg-0efd36fbe70e6102f",
            "description": "Allow HTTP and HTTPS inbound from the internet",
            "egress": [
              {
                "cidr_blocks": [
                  "0.0.0.0/0"
                ],
                "description": "All outbound traffic",
                "from_port": 0,
                "ipv6_cidr_blocks": [],
                "prefix_list_ids": [],
                "protocol": "-1",
                "security_groups": [],
                "self": false,
                "to_port": 0
              }
            ],
            "id": "sg-0efd36fbe70e6102f",
            "ingress": [
              {
                "cidr_blocks": [
                  "0.0.0.0/0"
                ],
                "description": "HTTP from internet",
                "from_port": 80,
                "ipv6_cidr_blocks": [],
                "prefix_list_ids": [],
                "protocol": "tcp",
                "security_groups": [],
                "self": false,
                "to_port": 80
              },
              {
                "cidr_blocks": [
                  "0.0.0.0/0"
                ],
                "description": "HTTPS from internet",
                "from_port": 443,
                "ipv6_cidr_blocks": [],
                "prefix_list_ids": [],
                "protocol": "tcp",
                "security_groups": [],
                "self": false,
                "to_port": 443
              }
            ],
            "name": "Nginx-alb-sg",
            "name_prefix": "",
            "owner_id": "183726524472",
            "region": "us-east-1",
            "revoke_rules_on_delete": false,
            "tags": {
              "Name": "Nginx-alb-sg-nginx"
            },
            "tags_all": {
              "Name": "Nginx-alb-sg-nginx"
            },
            "timeouts": null,
            "vpc_id": "vpc-04b772b5b56bea23d"
          },
          "sensitive_attributes": [],
          "identity_schema_version": 0,
          "identity": {
            "account_id": "183726524472",
            "id": "sg-0efd36fbe70e6102f",
            "region": "us-east-1"
          },
          "private": "eyJlMmJmYjczMC1lY2FhLTExZTYtOGY4OC0zNDM2M2JjN2M0YzAiOnsiY3JlYXRlIjo2MDAwMDAwMDAwMDAsImRlbGV0ZSI6OTAwMDAwMDAwMDAwfSwic2NoZW1hX3ZlcnNpb24iOiIxIn0=",
          "dependencies": [
            "module.vpc_base.aws_vpc.VPC_structure"
          ],
          "create_before_destroy": true
        }
      ]
    },
    {
      "module": "module.subnet_base",
      "mode": "managed",
      "type": "aws_route_table",
      "name": "route-table-private-for-as",
      "provider": "provider[\"registry.terraform.io/hashicorp/aws\"]",
      "instances": [
        {
          "schema_version": 0,
          "attributes": {
            "arn": "arn:aws:ec2:us-east-1:183726524472:route-table/rtb-0631b6417e938e281",
            "id": "rtb-0631b6417e938e281",
            "owner_id": "183726524472",
            "propagating_vgws": [],
            "region": "us-east-1",
            "route": [
              {
                "carrier_gateway_id": "",
                "cidr_block": "0.0.0.0/0",
                "core_network_arn": "",
                "destination_prefix_list_id": "",
                "egress_only_gateway_id": "",
                "gateway_id": "",
                "ipv6_cidr_block": "",
                "local_gateway_id": "",
                "nat_gateway_id": "nat-0efb109a5734a71da",
                "network_interface_id": "",
                "odb_network_arn": "",
                "transit_gateway_id": "",
                "vpc_endpoint_id": "",
                "vpc_peering_connection_id": ""
              }
            ],
            "tags": {
              "Name": "Nginx-Subnet-route-table-private-as-2"
            },
            "tags_all": {
              "Name": "Nginx-Subnet-route-table-private-as-2"
            },
            "timeouts": null,
            "vpc_id": "vpc-04b772b5b56bea23d"
          },
          "sensitive_attributes": [],
          "identity_schema_version": 0,
          "identity": {
            "account_id": "183726524472",
            "id": "rtb-0631b6417e938e281",
            "region": "us-east-1"
          },
          "private": "eyJlMmJmYjczMC1lY2FhLTExZTYtOGY4OC0zNDM2M2JjN2M0YzAiOnsiY3JlYXRlIjozMDAwMDAwMDAwMDAsImRlbGV0ZSI6MzAwMDAwMDAwMDAwLCJ1cGRhdGUiOjEyMDAwMDAwMDAwMH19",
          "dependencies": [
            "module.subnet_base.aws_subnet.public",
            "module.vpc_base.aws_eip.elastic-ip",
            "module.vpc_base.aws_internet_gateway.igw",
            "module.vpc_base.aws_nat_gateway.nat-gateway",
            "module.vpc_base.aws_vpc.VPC_structure"
          ]
        }
      ]
    },
    {
      "module": "module.subnet_base",
      "mode": "managed",
      "type": "aws_route_table",
      "name": "route-table-public-for-as",
      "provider": "provider[\"registry.terraform.io/hashicorp/aws\"]",
      "instances": [
        {
          "schema_version": 0,
          "attributes": {
            "arn": "arn:aws:ec2:us-east-1:183726524472:route-table/rtb-0183fdc0e50a1ff6a",
            "id": "rtb-0183fdc0e50a1ff6a",
            "owner_id": "183726524472",
            "propagating_vgws": [],
            "region": "us-east-1",
            "route": [
              {
                "carrier_gateway_id": "",
                "cidr_block": "0.0.0.0/0",
                "core_network_arn": "",
                "destination_prefix_list_id": "",
                "egress_only_gateway_id": "",
                "gateway_id": "igw-06c0f4cb92b05ea24",
                "ipv6_cidr_block": "",
                "local_gateway_id": "",
                "nat_gateway_id": "",
                "network_interface_id": "",
                "odb_network_arn": "",
                "transit_gateway_id": "",
                "vpc_endpoint_id": "",
                "vpc_peering_connection_id": ""
              }
            ],
            "tags": {
              "Name": "Nginx-Subnet-route-table-public-as-2"
            },
            "tags_all": {
              "Name": "Nginx-Subnet-route-table-public-as-2"
            },
            "timeouts": null,
            "vpc_id": "vpc-04b772b5b56bea23d"
          },
          "sensitive_attributes": [],
          "identity_schema_version": 0,
          "identity": {
            "account_id": "183726524472",
            "id": "rtb-0183fdc0e50a1ff6a",
            "region": "us-east-1"
          },
          "private": "eyJlMmJmYjczMC1lY2FhLTExZTYtOGY4OC0zNDM2M2JjN2M0YzAiOnsiY3JlYXRlIjozMDAwMDAwMDAwMDAsImRlbGV0ZSI6MzAwMDAwMDAwMDAwLCJ1cGRhdGUiOjEyMDAwMDAwMDAwMH19",
          "dependencies": [
            "module.vpc_base.aws_internet_gateway.igw",
            "module.vpc_base.aws_vpc.VPC_structure"
          ]
        }
      ]
    },
    {
      "module": "module.subnet_base",
      "mode": "managed",
      "type": "aws_route_table_association",
      "name": "task-1-rt-assocation-private-1",
      "provider": "provider[\"registry.terraform.io/hashicorp/aws\"]",
      "instances": [
        {
          "schema_version": 0,
          "attributes": {
            "gateway_id": "",
            "id": "rtbassoc-0b36ff45a163c79f6",
            "region": "us-east-1",
            "route_table_id": "rtb-0631b6417e938e281",
            "subnet_id": "subnet-0fa6caf093023c039",
            "timeouts": null
          },
          "sensitive_attributes": [],
          "identity_schema_version": 0,
          "identity": {
            "account_id": "183726524472",
            "id": "rtbassoc-0b36ff45a163c79f6",
            "region": "us-east-1"
          },
          "private": "eyJlMmJmYjczMC1lY2FhLTExZTYtOGY4OC0zNDM2M2JjN2M0YzAiOnsiY3JlYXRlIjozMDAwMDAwMDAwMDAsImRlbGV0ZSI6MzAwMDAwMDAwMDAwLCJ1cGRhdGUiOjEyMDAwMDAwMDAwMH19",
          "dependencies": [
            "module.subnet_base.aws_route_table.route-table-private-for-as",
            "module.subnet_base.aws_subnet.private",
            "module.subnet_base.aws_subnet.public",
            "module.vpc_base.aws_eip.elastic-ip",
            "module.vpc_base.aws_internet_gateway.igw",
            "module.vpc_base.aws_nat_gateway.nat-gateway",
            "module.vpc_base.aws_vpc.VPC_structure"
          ]
        }
      ]
    },
    {
      "module": "module.subnet_base",
      "mode": "managed",
      "type": "aws_route_table_association",
      "name": "task-1-rt-assocation-private-2",
      "provider": "provider[\"registry.terraform.io/hashicorp/aws\"]",
      "instances": [
        {
          "schema_version": 0,
          "attributes": {
            "gateway_id": "",
            "id": "rtbassoc-0413e6a83f6ee511e",
            "region": "us-east-1",
            "route_table_id": "rtb-0631b6417e938e281",
            "subnet_id": "subnet-0f6ea9a8cf593cfce",
            "timeouts": null
          },
          "sensitive_attributes": [],
          "identity_schema_version": 0,
          "identity": {
            "account_id": "183726524472",
            "id": "rtbassoc-0413e6a83f6ee511e",
            "region": "us-east-1"
          },
          "private": "eyJlMmJmYjczMC1lY2FhLTExZTYtOGY4OC0zNDM2M2JjN2M0YzAiOnsiY3JlYXRlIjozMDAwMDAwMDAwMDAsImRlbGV0ZSI6MzAwMDAwMDAwMDAwLCJ1cGRhdGUiOjEyMDAwMDAwMDAwMH19",
          "dependencies": [
            "module.subnet_base.aws_route_table.route-table-private-for-as",
            "module.subnet_base.aws_subnet.private",
            "module.subnet_base.aws_subnet.public",
            "module.vpc_base.aws_eip.elastic-ip",
            "module.vpc_base.aws_internet_gateway.igw",
            "module.vpc_base.aws_nat_gateway.nat-gateway",
            "module.vpc_base.aws_vpc.VPC_structure"
          ]
        }
      ]
    },
    {
      "module": "module.subnet_base",
      "mode": "managed",
      "type": "aws_route_table_association",
      "name": "task-1-rt-assocation-public-1",
      "provider": "provider[\"registry.terraform.io/hashicorp/aws\"]",
      "instances": [
        {
          "schema_version": 0,
          "attributes": {
            "gateway_id": "",
            "id": "rtbassoc-0cfa8b7b243561ab0",
            "region": "us-east-1",
            "route_table_id": "rtb-0183fdc0e50a1ff6a",
            "subnet_id": "subnet-0641589e58b8cbf7c",
            "timeouts": null
          },
          "sensitive_attributes": [],
          "identity_schema_version": 0,
          "identity": {
            "account_id": "183726524472",
            "id": "rtbassoc-0cfa8b7b243561ab0",
            "region": "us-east-1"
          },
          "private": "eyJlMmJmYjczMC1lY2FhLTExZTYtOGY4OC0zNDM2M2JjN2M0YzAiOnsiY3JlYXRlIjozMDAwMDAwMDAwMDAsImRlbGV0ZSI6MzAwMDAwMDAwMDAwLCJ1cGRhdGUiOjEyMDAwMDAwMDAwMH19",
          "dependencies": [
            "module.subnet_base.aws_route_table.route-table-public-for-as",
            "module.subnet_base.aws_subnet.public",
            "module.vpc_base.aws_internet_gateway.igw",
            "module.vpc_base.aws_vpc.VPC_structure"
          ]
        }
      ]
    },
    {
      "module": "module.subnet_base",
      "mode": "managed",
      "type": "aws_route_table_association",
      "name": "task-1-rt-assocation-public-2",
      "provider": "provider[\"registry.terraform.io/hashicorp/aws\"]",
      "instances": [
        {
          "schema_version": 0,
          "attributes": {
            "gateway_id": "",
            "id": "rtbassoc-073e8bb4c932e94d9",
            "region": "us-east-1",
            "route_table_id": "rtb-0183fdc0e50a1ff6a",
            "subnet_id": "subnet-05c92a71b19b20924",
            "timeouts": null
          },
          "sensitive_attributes": [],
          "identity_schema_version": 0,
          "identity": {
            "account_id": "183726524472",
            "id": "rtbassoc-073e8bb4c932e94d9",
            "region": "us-east-1"
          },
          "private": "eyJlMmJmYjczMC1lY2FhLTExZTYtOGY4OC0zNDM2M2JjN2M0YzAiOnsiY3JlYXRlIjozMDAwMDAwMDAwMDAsImRlbGV0ZSI6MzAwMDAwMDAwMDAwLCJ1cGRhdGUiOjEyMDAwMDAwMDAwMH19",
          "dependencies": [
            "module.subnet_base.aws_route_table.route-table-public-for-as",
            "module.subnet_base.aws_subnet.public",
            "module.vpc_base.aws_internet_gateway.igw",
            "module.vpc_base.aws_vpc.VPC_structure"
          ]
        }
      ]
    },
    {
      "module": "module.subnet_base",
      "mode": "managed",
      "type": "aws_subnet",
      "name": "private",
      "provider": "provider[\"registry.terraform.io/hashicorp/aws\"]",
      "instances": [
        {
          "index_key": "private-1",
          "schema_version": 1,
          "attributes": {
            "arn": "arn:aws:ec2:us-east-1:183726524472:subnet/subnet-0fa6caf093023c039",
            "assign_ipv6_address_on_creation": false,
            "availability_zone": "us-east-1a",
            "availability_zone_id": "use1-az1",
            "cidr_block": "10.0.3.0/24",
            "customer_owned_ipv4_pool": "",
            "enable_dns64": false,
            "enable_lni_at_device_index": 0,
            "enable_resource_name_dns_a_record_on_launch": false,
            "enable_resource_name_dns_aaaa_record_on_launch": false,
            "id": "subnet-0fa6caf093023c039",
            "ipv4_ipam_pool_id": null,
            "ipv4_netmask_length": null,
            "ipv6_cidr_block": "",
            "ipv6_cidr_block_association_id": "",
            "ipv6_ipam_pool_id": null,
            "ipv6_native": false,
            "ipv6_netmask_length": null,
            "map_customer_owned_ip_on_launch": false,
            "map_public_ip_on_launch": false,
            "outpost_arn": "",
            "owner_id": "183726524472",
            "private_dns_hostname_type_on_launch": "ip-name",
            "region": "us-east-1",
            "tags": {
              "Name": "Nginx-Subnet-Private-private-1",
              "Tier": "Private"
            },
            "tags_all": {
              "Name": "Nginx-Subnet-Private-private-1",
              "Tier": "Private"
            },
            "timeouts": null,
            "vpc_id": "vpc-04b772b5b56bea23d"
          },
          "sensitive_attributes": [],
          "identity_schema_version": 0,
          "identity": {
            "account_id": "183726524472",
            "id": "subnet-0fa6caf093023c039",
            "region": "us-east-1"
          },
          "private": "eyJlMmJmYjczMC1lY2FhLTExZTYtOGY4OC0zNDM2M2JjN2M0YzAiOnsiY3JlYXRlIjo2MDAwMDAwMDAwMDAsImRlbGV0ZSI6MTIwMDAwMDAwMDAwMH0sInNjaGVtYV92ZXJzaW9uIjoiMSJ9",
          "dependencies": [
            "module.vpc_base.aws_vpc.VPC_structure"
          ],
          "create_before_destroy": true
        },
        {
          "index_key": "private-2",
          "schema_version": 1,
          "attributes": {
            "arn": "arn:aws:ec2:us-east-1:183726524472:subnet/subnet-0f6ea9a8cf593cfce",
            "assign_ipv6_address_on_creation": false,
            "availability_zone": "us-east-1b",
            "availability_zone_id": "use1-az2",
            "cidr_block": "10.0.4.0/24",
            "customer_owned_ipv4_pool": "",
            "enable_dns64": false,
            "enable_lni_at_device_index": 0,
            "enable_resource_name_dns_a_record_on_launch": false,
            "enable_resource_name_dns_aaaa_record_on_launch": false,
            "id": "subnet-0f6ea9a8cf593cfce",
            "ipv4_ipam_pool_id": null,
            "ipv4_netmask_length": null,
            "ipv6_cidr_block": "",
            "ipv6_cidr_block_association_id": "",
            "ipv6_ipam_pool_id": null,
            "ipv6_native": false,
            "ipv6_netmask_length": null,
            "map_customer_owned_ip_on_launch": false,
            "map_public_ip_on_launch": false,
            "outpost_arn": "",
            "owner_id": "183726524472",
            "private_dns_hostname_type_on_launch": "ip-name",
            "region": "us-east-1",
            "tags": {
              "Name": "Nginx-Subnet-Private-private-2",
              "Tier": "Private"
            },
            "tags_all": {
              "Name": "Nginx-Subnet-Private-private-2",
              "Tier": "Private"
            },
            "timeouts": null,
            "vpc_id": "vpc-04b772b5b56bea23d"
          },
          "sensitive_attributes": [],
          "identity_schema_version": 0,
          "identity": {
            "account_id": "183726524472",
            "id": "subnet-0f6ea9a8cf593cfce",
            "region": "us-east-1"
          },
          "private": "eyJlMmJmYjczMC1lY2FhLTExZTYtOGY4OC0zNDM2M2JjN2M0YzAiOnsiY3JlYXRlIjo2MDAwMDAwMDAwMDAsImRlbGV0ZSI6MTIwMDAwMDAwMDAwMH0sInNjaGVtYV92ZXJzaW9uIjoiMSJ9",
          "dependencies": [
            "module.vpc_base.aws_vpc.VPC_structure"
          ],
          "create_before_destroy": true
        }
      ]
    },
    {
      "module": "module.subnet_base",
      "mode": "managed",
      "type": "aws_subnet",
      "name": "public",
      "provider": "provider[\"registry.terraform.io/hashicorp/aws\"]",
      "instances": [
        {
          "index_key": "public-1",
          "schema_version": 1,
          "attributes": {
            "arn": "arn:aws:ec2:us-east-1:183726524472:subnet/subnet-0641589e58b8cbf7c",
            "assign_ipv6_address_on_creation": false,
            "availability_zone": "us-east-1a",
            "availability_zone_id": "use1-az1",
            "cidr_block": "10.0.1.0/24",
            "customer_owned_ipv4_pool": "",
            "enable_dns64": false,
            "enable_lni_at_device_index": 0,
            "enable_resource_name_dns_a_record_on_launch": false,
            "enable_resource_name_dns_aaaa_record_on_launch": false,
            "id": "subnet-0641589e58b8cbf7c",
            "ipv4_ipam_pool_id": null,
            "ipv4_netmask_length": null,
            "ipv6_cidr_block": "",
            "ipv6_cidr_block_association_id": "",
            "ipv6_ipam_pool_id": null,
            "ipv6_native": false,
            "ipv6_netmask_length": null,
            "map_customer_owned_ip_on_launch": false,
            "map_public_ip_on_launch": true,
            "outpost_arn": "",
            "owner_id": "183726524472",
            "private_dns_hostname_type_on_launch": "ip-name",
            "region": "us-east-1",
            "tags": {
              "Name": "Nginx-Subnet-Public-public-1-as-2",
              "Tier": "Public"
            },
            "tags_all": {
              "Name": "Nginx-Subnet-Public-public-1-as-2",
              "Tier": "Public"
            },
            "timeouts": null,
            "vpc_id": "vpc-04b772b5b56bea23d"
          },
          "sensitive_attributes": [],
          "identity_schema_version": 0,
          "identity": {
            "account_id": "183726524472",
            "id": "subnet-0641589e58b8cbf7c",
            "region": "us-east-1"
          },
          "private": "eyJlMmJmYjczMC1lY2FhLTExZTYtOGY4OC0zNDM2M2JjN2M0YzAiOnsiY3JlYXRlIjo2MDAwMDAwMDAwMDAsImRlbGV0ZSI6MTIwMDAwMDAwMDAwMH0sInNjaGVtYV92ZXJzaW9uIjoiMSJ9",
          "dependencies": [
            "module.vpc_base.aws_vpc.VPC_structure"
          ]
        },
        {
          "index_key": "public-2",
          "schema_version": 1,
          "attributes": {
            "arn": "arn:aws:ec2:us-east-1:183726524472:subnet/subnet-05c92a71b19b20924",
            "assign_ipv6_address_on_creation": false,
            "availability_zone": "us-east-1b",
            "availability_zone_id": "use1-az2",
            "cidr_block": "10.0.2.0/24",
            "customer_owned_ipv4_pool": "",
            "enable_dns64": false,
            "enable_lni_at_device_index": 0,
            "enable_resource_name_dns_a_record_on_launch": false,
            "enable_resource_name_dns_aaaa_record_on_launch": false,
            "id": "subnet-05c92a71b19b20924",
            "ipv4_ipam_pool_id": null,
            "ipv4_netmask_length": null,
            "ipv6_cidr_block": "",
            "ipv6_cidr_block_association_id": "",
            "ipv6_ipam_pool_id": null,
            "ipv6_native": false,
            "ipv6_netmask_length": null,
            "map_customer_owned_ip_on_launch": false,
            "map_public_ip_on_launch": true,
            "outpost_arn": "",
            "owner_id": "183726524472",
            "private_dns_hostname_type_on_launch": "ip-name",
            "region": "us-east-1",
            "tags": {
              "Name": "Nginx-Subnet-Public-public-2-as-2",
              "Tier": "Public"
            },
            "tags_all": {
              "Name": "Nginx-Subnet-Public-public-2-as-2",
              "Tier": "Public"
            },
            "timeouts": null,
            "vpc_id": "vpc-04b772b5b56bea23d"
          },
          "sensitive_attributes": [],
          "identity_schema_version": 0,
          "identity": {
            "account_id": "183726524472",
            "id": "subnet-05c92a71b19b20924",
            "region": "us-east-1"
          },
          "private": "eyJlMmJmYjczMC1lY2FhLTExZTYtOGY4OC0zNDM2M2JjN2M0YzAiOnsiY3JlYXRlIjo2MDAwMDAwMDAwMDAsImRlbGV0ZSI6MTIwMDAwMDAwMDAwMH0sInNjaGVtYV92ZXJzaW9uIjoiMSJ9",
          "dependencies": [
            "module.vpc_base.aws_vpc.VPC_structure"
          ]
        }
      ]
    },
    {
      "module": "module.vpc_base",
      "mode": "managed",
      "type": "aws_eip",
      "name": "elastic-ip",
      "provider": "provider[\"registry.terraform.io/hashicorp/aws\"]",
      "instances": [
        {
          "schema_version": 0,
          "attributes": {
            "address": null,
            "allocation_id": "eipalloc-002c543b86ee23fde",
            "arn": "arn:aws:ec2:us-east-1:183726524472:elastic-ip/eipalloc-002c543b86ee23fde",
            "associate_with_private_ip": null,
            "association_id": "eipassoc-031583160de559879",
            "carrier_ip": "",
            "customer_owned_ip": "",
            "customer_owned_ipv4_pool": "",
            "domain": "vpc",
            "id": "eipalloc-002c543b86ee23fde",
            "instance": "",
            "ipam_pool_id": "",
            "network_border_group": "us-east-1",
            "network_interface": "eni-06be1e61f5e32253f",
            "private_dns": "ip-10-0-1-229.ec2.internal",
            "private_ip": "10.0.1.229",
            "ptr_record": "",
            "public_dns": "ec2-3-93-137-97.compute-1.amazonaws.com",
            "public_ip": "3.93.137.97",
            "public_ipv4_pool": "amazon",
            "region": "us-east-1",
            "tags": {
              "Name": "Nginxp-infra---elastic-ip"
            },
            "tags_all": {
              "Name": "Nginxp-infra---elastic-ip"
            },
            "timeouts": null
          },
          "sensitive_attributes": [],
          "identity_schema_version": 0,
          "identity": {
            "account_id": "183726524472",
            "id": "eipalloc-002c543b86ee23fde",
            "region": "us-east-1"
          },
          "private": "eyJlMmJmYjczMC1lY2FhLTExZTYtOGY4OC0zNDM2M2JjN2M0YzAiOnsiZGVsZXRlIjoxODAwMDAwMDAwMDAsInJlYWQiOjkwMDAwMDAwMDAwMCwidXBkYXRlIjozMDAwMDAwMDAwMDB9fQ=="
        }
      ]
    },
    {
      "module": "module.vpc_base",
      "mode": "managed",
      "type": "aws_internet_gateway",
      "name": "igw",
      "provider": "provider[\"registry.terraform.io/hashicorp/aws\"]",
      "instances": [
        {
          "schema_version": 0,
          "attributes": {
            "arn": "arn:aws:ec2:us-east-1:183726524472:internet-gateway/igw-06c0f4cb92b05ea24",
            "id": "igw-06c0f4cb92b05ea24",
            "owner_id": "183726524472",
            "region": "us-east-1",
            "tags": {
              "Name": "Nginxp-infra---igw"
            },
            "tags_all": {
              "Name": "Nginxp-infra---igw"
            },
            "timeouts": null,
            "vpc_id": "vpc-04b772b5b56bea23d"
          },
          "sensitive_attributes": [],
          "identity_schema_version": 0,
          "identity": {
            "account_id": "183726524472",
            "id": "igw-06c0f4cb92b05ea24",
            "region": "us-east-1"
          },
          "private": "eyJlMmJmYjczMC1lY2FhLTExZTYtOGY4OC0zNDM2M2JjN2M0YzAiOnsiY3JlYXRlIjoxMjAwMDAwMDAwMDAwLCJkZWxldGUiOjEyMDAwMDAwMDAwMDAsInVwZGF0ZSI6MTIwMDAwMDAwMDAwMH19",
          "dependencies": [
            "module.vpc_base.aws_vpc.VPC_structure"
          ]
        }
      ]
    },
    {
      "module": "module.vpc_base",
      "mode": "managed",
      "type": "aws_nat_gateway",
      "name": "nat-gateway",
      "provider": "provider[\"registry.terraform.io/hashicorp/aws\"]",
      "instances": [
        {
          "schema_version": 0,
          "attributes": {
            "allocation_id": "eipalloc-002c543b86ee23fde",
            "association_id": "eipassoc-031583160de559879",
            "auto_provision_zones": null,
            "auto_scaling_ips": null,
            "availability_mode": "zonal",
            "availability_zone_address": [],
            "connectivity_type": "public",
            "id": "nat-0efb109a5734a71da",
            "network_interface_id": "eni-06be1e61f5e32253f",
            "private_ip": "10.0.1.229",
            "public_ip": "3.93.137.97",
            "region": "us-east-1",
            "regional_nat_gateway_address": [],
            "regional_nat_gateway_auto_mode": null,
            "route_table_id": null,
            "secondary_allocation_ids": [],
            "secondary_private_ip_address_count": 0,
            "secondary_private_ip_addresses": [],
            "subnet_id": "subnet-0641589e58b8cbf7c",
            "tags": {
              "Name": "Nginxp-infra---nat-gt"
            },
            "tags_all": {
              "Name": "Nginxp-infra---nat-gt"
            },
            "timeouts": null,
            "vpc_id": "vpc-04b772b5b56bea23d"
          },
          "sensitive_attributes": [],
          "identity_schema_version": 0,
          "identity": {
            "account_id": "183726524472",
            "id": "nat-0efb109a5734a71da",
            "region": "us-east-1"
          },
          "private": "eyJlMmJmYjczMC1lY2FhLTExZTYtOGY4OC0zNDM2M2JjN2M0YzAiOnsiY3JlYXRlIjo2MDAwMDAwMDAwMDAsImRlbGV0ZSI6MTgwMDAwMDAwMDAwMCwidXBkYXRlIjo2MDAwMDAwMDAwMDB9fQ==",
          "dependencies": [
            "module.subnet_base.aws_subnet.public",
            "module.vpc_base.aws_eip.elastic-ip",
            "module.vpc_base.aws_internet_gateway.igw",
            "module.vpc_base.aws_vpc.VPC_structure"
          ]
        }
      ]
    },
    {
      "module": "module.vpc_base",
      "mode": "managed",
      "type": "aws_vpc",
      "name": "VPC_structure",
      "provider": "provider[\"registry.terraform.io/hashicorp/aws\"]",
      "instances": [
        {
          "schema_version": 1,
          "attributes": {
            "arn": "arn:aws:ec2:us-east-1:183726524472:vpc/vpc-04b772b5b56bea23d",
            "assign_generated_ipv6_cidr_block": false,
            "cidr_block": "10.0.0.0/16",
            "default_network_acl_id": "acl-01636f047d3e5c511",
            "default_route_table_id": "rtb-0ff9eaa2e5f606657",
            "default_security_group_id": "sg-036615f63bf49fed5",
            "dhcp_options_id": "dopt-0bbcf9fddf1b952ff",
            "enable_dns_hostnames": false,
            "enable_dns_support": true,
            "enable_network_address_usage_metrics": false,
            "id": "vpc-04b772b5b56bea23d",
            "instance_tenancy": "default",
            "ipv4_ipam_pool_id": null,
            "ipv4_netmask_length": null,
            "ipv6_association_id": "",
            "ipv6_cidr_block": "",
            "ipv6_cidr_block_network_border_group": "",
            "ipv6_ipam_pool_id": "",
            "ipv6_netmask_length": 0,
            "main_route_table_id": "rtb-0ff9eaa2e5f606657",
            "owner_id": "183726524472",
            "region": "us-east-1",
            "tags": {
              "Name": "Nginxp-infra--"
            },
            "tags_all": {
              "Name": "Nginxp-infra--"
            }
          },
          "sensitive_attributes": [],
          "identity_schema_version": 0,
          "identity": {
            "account_id": "183726524472",
            "id": "vpc-04b772b5b56bea23d",
            "region": "us-east-1"
          },
          "private": "eyJzY2hlbWFfdmVyc2lvbiI6IjEifQ==",
          "create_before_destroy": true
        }
      ]
    }
  ],
  "check_results": null
}
